
Microsoft Visual Studio Solution File, Format Version 12.00
# Visual Studio Version 17
VisualStudioVersion = 17.14.36811.4 d17.14
MinimumVisualStudioVersion = 10.0.40219.1
Project("{FAE04EC0-301F-11D3-BF4B-00C04F79EFBC}") = "OpenKneeboard-SimHub-plugin-menu", "OpenKneeboard-SimHub-plugin-menu.csproj", "{E29A3576-1C1D-44EB-9801-07D186FC4EFF}"
EndProject
Global
	GlobalSection(SolutionConfigurationPlatforms) = preSolution
		Debug|Any CPU = Debug|Any CPU
		Release|Any CPU = Release|Any CPU
	EndGlobalSection
	GlobalSection(ProjectConfigurationPlatforms) = postSolution
		{E29A3576-1C1D-44EB-9801-07D186FC4EFF}.Debug|Any CPU.ActiveCfg = Debug|Any CPU
		{E29A3576-1C1D-44EB-9801-07D186FC4EFF}.Debug|Any CPU.Build.0 = Debug|Any CPU
		{E29A3576-1C1D-44EB-9801-07D186FC4EFF}.Release|Any CPU.ActiveCfg = Release|Any CPU
		{E29A3576-1C1D-44EB-9801-07D186FC4EFF}.Release|Any CPU.Build.0 = Release|Any CPU
	EndGlobalSection
	GlobalSection(SolutionProperties) = preSolution
		HideSolutionNode = FALSE
	EndGlobalSection
	GlobalSection(ExtensibilityGlobals) = postSolution
		SolutionGuid = {881C1FF8-E7DF-49DD-98A8-9D8F0E026989}
	EndGlobalSection
EndGlobal
